// !$*UTF8*$!
{
	archiveVersion = 1;
	classes = {
	};
	objectVersion = 56;
	objects = {

/* Begin PBXBuildFile section */
		BD463EA02A795FB9003B3DAF /* StockSenseiApp.swift in Sources */ = {isa = PBXBuildFile; fileRef = BD463E9F2A795FB9003B3DAF /* StockSenseiApp.swift */; };
		BD463EA22A795FB9003B3DAF /* ContentView.swift in Sources */ = {isa = PBXBuildFile; fileRef = BD463EA12A795FB9003B3DAF /* ContentView.swift */; };
		BD463EA42A795FBA003B3DAF /* Assets.xcassets in Resources */ = {isa = PBXBuildFile; fileRef = BD463EA32A795FBA003B3DAF /* Assets.xcassets */; };
		BD463EA72A795FBA003B3DAF /* Preview Assets.xcassets in Resources */ = {isa = PBXBuildFile; fileRef = BD463EA62A795FBA003B3DAF /* Preview Assets.xcassets */; };
		BD463EB02A79979E003B3DAF /* login.swift in Sources */ = {isa = PBXBuildFile; fileRef = BD463EAF2A79979E003B3DAF /* login.swift */; };
		BD463EB22A79991B003B3DAF /* learn.swift in Sources */ = {isa = PBXBuildFile; fileRef = BD463EB12A79991B003B3DAF /* learn.swift */; };
		BD463EB42A79999A003B3DAF /* Funds.swift in Sources */ = {isa = PBXBuildFile; fileRef = BD463EB32A79999A003B3DAF /* Funds.swift */; };
		BD463EB62A7999E6003B3DAF /* Invest.swift in Sources */ = {isa = PBXBuildFile; fileRef = BD463EB52A7999E6003B3DAF /* Invest.swift */; };
/* End PBXBuildFile section */

/* Begin PBXFileReference section */
		BD463E9C2A795FB9003B3DAF /* StockSensei.app */ = {isa = PBXFileReference; explicitFileType = wrapper.application; includeInIndex = 0; path = StockSensei.app; sourceTree = BUILT_PRODUCTS_DIR; };
		BD463E9F2A795FB9003B3DAF /* StockSenseiApp.swift */ = {isa = PBXFileReference; lastKnownFileType = sourcecode.swift; path = StockSenseiApp.swift; sourceTree = "<group>"; };
		BD463EA12A795FB9003B3DAF /* ContentView.swift */ = {isa = PBXFileReference; lastKnownFileType = sourcecode.swift; path = ContentView.swift; sourceTree = "<group>"; };
		BD463EA32A795FBA003B3DAF /* Assets.xcassets */ = {isa = PBXFileReference; lastKnownFileType = folder.assetcatalog; path = Assets.xcassets; sourceTree = "<group>"; };
		BD463EA62A795FBA003B3DAF /* Preview Assets.xcassets */ = {isa = PBXFileReference; lastKnownFileType = folder.assetcatalog; path = "Preview Assets.xcassets"; sourceTree = "<group>"; };
		BD463EAF2A79979E003B3DAF /* login.swift */ = {isa = PBXFileReference; lastKnownFileType = sourcecode.swift; path = login.swift; sourceTree = "<group>"; };
		BD463EB12A79991B003B3DAF /* learn.swift */ = {isa = PBXFileReference; lastKnownFileType = sourcecode.swift; path = learn.swift; sourceTree = "<group>"; };
		BD463EB32A79999A003B3DAF /* Funds.swift */ = {isa = PBXFileReference; lastKnownFileType = sourcecode.swift; path = Funds.swift; sourceTree = "<group>"; };
		BD463EB52A7999E6003B3DAF /* Invest.swift */ = {isa = PBXFileReference; lastKnownFileType = sourcecode.swift; path = Invest.swift; sourceTree = "<group>"; };
/* End PBXFileReference section */

/* Begin PBXFrameworksBuildPhase section */
		BD463E992A795FB9003B3DAF /* Frameworks */ = {
			isa = PBXFrameworksBuildPhase;
			buildActionMask = 2147483647;
			files = (
			);
			runOnlyForDeploymentPostprocessing = 0;
		};
/* End PBXFrameworksBuildPhase section */

/* Begin PBXGroup section */
		BD463E932A795FB9003B3DAF = {
			isa = PBXGroup;
			children = (
				BD463EB52A7999E6003B3DAF /* Invest.swift */,
				BD463EB32A79999A003B3DAF /* Funds.swift */,
				BD463EB12A79991B003B3DAF /* learn.swift */,
				BD463EAF2A79979E003B3DAF /* login.swift */,
				BD463E9E2A795FB9003B3DAF /* StockSensei */,
				BD463E9D2A795FB9003B3DAF /* Products */,
			);
			sourceTree = "<group>";
		};
		BD463E9D2A795FB9003B3DAF /* Products */ = {
			isa = PBXGroup;
			children = (
				BD463E9C2A795FB9003B3DAF /* StockSensei.app */,
			);
			name = Products;
			sourceTree = "<group>";
		};
		BD463E9E2A795FB9003B3DAF /* StockSensei */ = {
			isa = PBXGroup;
			children = (
				BD463E9F2A795FB9003B3DAF /* StockSenseiApp.swift */,
				BD463EA12A795FB9003B3DAF /* ContentView.swift */,
				BD463EA32A795FBA003B3DAF /* Assets.xcassets */,
				BD463EA52A795FBA003B3DAF /* Preview Content */,
			);
			path = StockSensei;
			sourceTree = "<group>";
		};
		BD463EA52A795FBA003B3DAF /* Preview Content */ = {
			isa = PBXGroup;
			children = (
				BD463EA62A795FBA003B3DAF /* Preview Assets.xcassets */,
			);
			path = "Preview Content";
			sourceTree = "<group>";
		};
/* End PBXGroup section */

/* Begin PBXNativeTarget section */
		BD463E9B2A795FB9003B3DAF /* StockSensei */ = {
			isa = PBXNativeTarget;
			buildConfigurationList = BD463EAA2A795FBA003B3DAF /* Build configuration list for PBXNativeTarget "StockSensei" */;
			buildPhases = (
				BD463E982A795FB9003B3DAF /* Sources */,
				BD463E992A795FB9003B3DAF /* Frameworks */,
				BD463E9A2A795FB9003B3DAF /* Resources */,
			);
			buildRules = (
			);
			dependencies = (
			);
			name = StockSensei;
			productName = StockSensei;
			productReference = BD463E9C2A795FB9003B3DAF /* StockSensei.app */;
			productType = "com.apple.product-type.application";
		};
/* End PBXNativeTarget section */

/* Begin PBXProject section */
		BD463E942A795FB9003B3DAF /* Project object */ = {
			isa = PBXProject;
			attributes = {
				BuildIndependentTargetsInParallel = 1;
				LastSwiftUpdateCheck = 1430;
				LastUpgradeCheck = 1430;
				TargetAttributes = {
					BD463E9B2A795FB9003B3DAF = {
						CreatedOnToolsVersion = 14.3.1;
					};
				};
			};
			buildConfigurationList = BD463E972A795FB9003B3DAF /* Build configuration list for PBXProject "StockSensei" */;
			compatibilityVersion = "Xcode 14.0";
			developmentRegion = en;
			hasScannedForEncodings = 0;
			knownRegions = (
				en,
				Base,
			);
			mainGroup = BD463E932A795FB9003B3DAF;
			productRefGroup = BD463E9D2A795FB9003B3DAF /* Products */;
			projectDirPath = "";
			projectRoot = "";
			targets = (
				BD463E9B2A795FB9003B3DAF /* StockSensei */,
			);
		};
/* End PBXProject section */

/* Begin PBXResourcesBuildPhase section */
		BD463E9A2A795FB9003B3DAF /* Resources */ = {
			isa = PBXResourcesBuildPhase;
			buildActionMask = 2147483647;
			files = (
				BD463EA72A795FBA003B3DAF /* Preview Assets.xcassets in Resources */,
				BD463EA42A795FBA003B3DAF /* Assets.xcassets in Resources */,
			);
			runOnlyForDeploymentPostprocessing = 0;
		};
/* End PBXResourcesBuildPhase section */

/* Begin PBXSourcesBuildPhase section */
		BD463E982A795FB9003B3DAF /* Sources */ = {
			isa = PBXSourcesBuildPhase;
			buildActionMask = 2147483647;
			files = (
				BD463EB62A7999E6003B3DAF /* Invest.swift in Sources */,
				BD463EB22A79991B003B3DAF /* learn.swift in Sources */,
				BD463EA22A795FB9003B3DAF /* ContentView.swift in Sources */,
				BD463EB02A79979E003B3DAF /* login.swift in Sources */,
				BD463EA02A795FB9003B3DAF /* StockSenseiApp.swift in Sources */,
				BD463EB42A79999A003B3DAF /* Funds.swift in Sources */,
			);
			runOnlyForDeploymentPostprocessing = 0;
		};
/* End PBXSourcesBuildPhase section */

/* Begin XCBuildConfiguration section */
		BD463EA82A795FBA003B3DAF /* Debug */ = {
			isa = XCBuildConfiguration;
			buildSettings = {
				ALWAYS_SEARCH_USER_PATHS = NO;
				CLANG_ANALYZER_NONNULL = YES;
				CLANG_ANALYZER_NUMBER_OBJECT_CONVERSION = YES_AGGRESSIVE;
				CLANG_CXX_LANGUAGE_STANDARD = "gnu++20";
				CLANG_ENABLE_MODULES = YES;
				CLANG_ENABLE_OBJC_ARC = YES;
				CLANG_ENABLE_OBJC_WEAK = YES;
				CLANG_WARN_BLOCK_CAPTURE_AUTORELEASING = YES;
				CLANG_WARN_BOOL_CONVERSION = YES;
				CLANG_WARN_COMMA = YES;
				CLANG_WARN_CONSTANT_CONVERSION = YES;
				CLANG_WARN_DEPRECATED_OBJC_IMPLEMENTATIONS = YES;
				CLANG_WARN_DIRECT_OBJC_ISA_USAGE = YES_ERROR;
				CLANG_WARN_DOCUMENTATION_COMMENTS = YES;
				CLANG_WARN_EMPTY_BODY = YES;
				CLANG_WARN_ENUM_CONVERSION = YES;
				CLANG_WARN_INFINITE_RECURSION = YES;
				CLANG_WARN_INT_CONVERSION = YES;
				CLANG_WARN_NON_LITERAL_NULL_CONVERSION = YES;
				CLANG_WARN_OBJC_IMPLICIT_RETAIN_SELF = YES;
				CLANG_WARN_OBJC_LITERAL_CONVERSION = YES;
				CLANG_WARN_OBJC_ROOT_CLASS = YES_ERROR;
				CLANG_WARN_QUOTED_INCLUDE_IN_FRAMEWORK_HEADER = YES;
				CLANG_WARN_RANGE_LOOP_ANALYSIS = YES;
				CLANG_WARN_STRICT_PROTOTYPES = YES;
				CLANG_WARN_SUSPICIOUS_MOVE = YES;
				CLANG_WARN_UNGUARDED_AVAILABILITY = YES_AGGRESSIVE;
				CLANG_WARN_UNREACHABLE_CODE = YES;
				CLANG_WARN__DUPLICATE_METHOD_MATCH = YES;
				COPY_PHASE_STRIP = NO;
				DEBUG_INFORMATION_FORMAT = dwarf;
				ENABLE_STRICT_OBJC_MSGSEND = YES;
				ENABLE_TESTABILITY = YES;
				GCC_C_LANGUAGE_STANDARD = gnu11;
				GCC_DYNAMIC_NO_PIC = NO;
				GCC_NO_COMMON_BLOCKS = YES;
				GCC_OPTIMIZATION_LEVEL = 0;
				GCC_PREPROCESSOR_DEFINITIONS = (
					"DEBUG=1",
					"$(inherited)",
				);
				GCC_WARN_64_TO_32_BIT_CONVERSION = YES;
				GCC_WARN_ABOUT_RETURN_TYPE = YES_ERROR;
				GCC_WARN_UNDECLARED_SELECTOR = YES;
				GCC_WARN_UNINITIALIZED_AUTOS = YES_AGGRESSIVE;
				GCC_WARN_UNUSED_FUNCTION = YES;
				GCC_WARN_UNUSED_VARIABLE = YES;
				IPHONEOS_DEPLOYMENT_TARGET = 16.4;
				MTL_ENABLE_DEBUG_INFO = INCLUDE_SOURCE;
				MTL_FAST_MATH = YES;
				ONLY_ACTIVE_ARCH = YES;
				SDKROOT = iphoneos;
				SWIFT_ACTIVE_COMPILATION_CONDITIONS = DEBUG;
				SWIFT_OPTIMIZATION_LEVEL = "-Onone";
			};
			name = Debug;
		};
		BD463EA92A795FBA003B3DAF /* Release */ = {
			isa = XCBuildConfiguration;
			buildSettings = {
				ALWAYS_SEARCH_USER_PATHS = NO;
				CLANG_ANALYZER_NONNULL = YES;
				CLANG_ANALYZER_NUMBER_OBJECT_CONVERSION = YES_AGGRESSIVE;
				CLANG_CXX_LANGUAGE_STANDARD = "gnu++20";
				CLANG_ENABLE_MODULES = YES;
				CLANG_ENABLE_OBJC_ARC = YES;
				CLANG_ENABLE_OBJC_WEAK = YES;
				CLANG_WARN_BLOCK_CAPTURE_AUTORELEASING = YES;
				CLANG_WARN_BOOL_CONVERSION = YES;
				CLANG_WARN_COMMA = YES;
				CLANG_WARN_CONSTANT_CONVERSION = YES;
				CLANG_WARN_DEPRECATED_OBJC_IMPLEMENTATIONS = YES;
				CLANG_WARN_DIRECT_OBJC_ISA_USAGE = YES_ERROR;
				CLANG_WARN_DOCUMENTATION_COMMENTS = YES;
				CLANG_WARN_EMPTY_BODY = YES;
				CLANG_WARN_ENUM_CONVERSION = YES;
				CLANG_WARN_INFINITE_RECURSION = YES;
				CLANG_WARN_INT_CONVERSION = YES;
				CLANG_WARN_NON_LITERAL_NULL_CONVERSION = YES;
				CLANG_WARN_OBJC_IMPLICIT_RETAIN_SELF = YES;
				CLANG_WARN_OBJC_LITERAL_CONVERSION = YES;
				CLANG_WARN_OBJC_ROOT_CLASS = YES_ERROR;
				CLANG_WARN_QUOTED_INCLUDE_IN_FRAMEWORK_HEADER = YES;
				CLANG_WARN_RANGE_LOOP_ANALYSIS = YES;
				CLANG_WARN_STRICT_PROTOTYPES = YES;
				CLANG_WARN_SUSPICIOUS_MOVE = YES;
				CLANG_WARN_UNGUARDED_AVAILABILITY = YES_AGGRESSIVE;
				CLANG_WARN_UNREACHABLE_CODE = YES;
				CLANG_WARN__DUPLICATE_METHOD_MATCH = YES;
				COPY_PHASE_STRIP = NO;
				DEBUG_INFORMATION_FORMAT = "dwarf-with-dsym";
				ENABLE_NS_ASSERTIONS = NO;
				ENABLE_STRICT_OBJC_MSGSEND = YES;
				GCC_C_LANGUAGE_STANDARD = gnu11;
				GCC_NO_COMMON_BLOCKS = YES;
				GCC_WARN_64_TO_32_BIT_CONVERSION = YES;
				GCC_WARN_ABOUT_RETURN_TYPE = YES_ERROR;
				GCC_WARN_UNDECLARED_SELECTOR = YES;
				GCC_WARN_UNINITIALIZED_AUTOS = YES_AGGRESSIVE;
				GCC_WARN_UNUSED_FUNCTION = YES;
				GCC_WARN_UNUSED_VARIABLE = YES;
				IPHONEOS_DEPLOYMENT_TARGET = 16.4;
				MTL_ENABLE_DEBUG_INFO = NO;
				MTL_FAST_MATH = YES;
				SDKROOT = iphoneos;
				SWIFT_COMPILATION_MODE = wholemodule;
				SWIFT_OPTIMIZATION_LEVEL = "-O";
				VALIDATE_PRODUCT = YES;
			};
			name = Release;
		};
		BD463EAB2A795FBA003B3DAF /* Debug */ = {
			isa = XCBuildConfiguration;
			buildSettings = {
				ASSETCATALOG_COMPILER_APPICON_NAME = AppIcon;
				ASSETCATALOG_COMPILER_GLOBAL_ACCENT_COLOR_NAME = AccentColor;
				CODE_SIGN_STYLE = Automatic;
				CURRENT_PROJECT_VERSION = 1;
				DEVELOPMENT_ASSET_PATHS = "\"StockSensei/Preview Content\"";
				ENABLE_PREVIEWS = YES;
				GENERATE_INFOPLIST_FILE = YES;
				INFOPLIST_KEY_UIApplicationSceneManifest_Generation = YES;
				INFOPLIST_KEY_UIApplicationSupportsIndirectInputEvents = YES;
				INFOPLIST_KEY_UILaunchScreen_Generation = YES;
				INFOPLIST_KEY_UISupportedInterfaceOrientations_iPad = "UIInterfaceOrientationPortrait UIInterfaceOrientationPortraitUpsideDown UIInterfaceOrientationLandscapeLeft UIInterfaceOrientationLandscapeRight";
				INFOPLIST_KEY_UISupportedInterfaceOrientations_iPhone = "UIInterfaceOrientationPortrait UIInterfaceOrientationLandscapeLeft UIInterfaceOrientationLandscapeRight";
				LD_RUNPATH_SEARCH_PATHS = (
					"$(inherited)",
					"@executable_path/Frameworks",
				);
				MARKETING_VERSION = 1.0;
				PRODUCT_BUNDLE_IDENTIFIER = kwk.StockSensei;
				PRODUCT_NAME = "$(TARGET_NAME)";
				SWIFT_EMIT_LOC_STRINGS = YES;
				SWIFT_VERSION = 5.0;
				TARGETED_DEVICE_FAMILY = "1,2";
			};
			name = Debug;
		};
		BD463EAC2A795FBA003B3DAF /* Release */ = {
			isa = XCBuildConfiguration;
			buildSettings = {
				ASSETCATALOG_COMPILER_APPICON_NAME = AppIcon;
				ASSETCATALOG_COMPILER_GLOBAL_ACCENT_COLOR_NAME = AccentColor;
				CODE_SIGN_STYLE = Automatic;
				CURRENT_PROJECT_VERSION = 1;
				DEVELOPMENT_ASSET_PATHS = "\"StockSensei/Preview Content\"";
				ENABLE_PREVIEWS = YES;
				GENERATE_INFOPLIST_FILE = YES;
				INFOPLIST_KEY_UIApplicationSceneManifest_Generation = YES;
				INFOPLIST_KEY_UIApplicationSupportsIndirectInputEvents = YES;
				INFOPLIST_KEY_UILaunchScreen_Generation = YES;
				INFOPLIST_KEY_UISupportedInterfaceOrientations_iPad = "UIInterfaceOrientationPortrait UIInterfaceOrientationPortraitUpsideDown UIInterfaceOrientationLandscapeLeft UIInterfaceOrientationLandscapeRight";
				INFOPLIST_KEY_UISupportedInterfaceOrientations_iPhone = "UIInterfaceOrientationPortrait UIInterfaceOrientationLandscapeLeft UIInterfaceOrientationLandscapeRight";
				LD_RUNPATH_SEARCH_PATHS = (
					"$(inherited)",
					"@executable_path/Frameworks",
				);
				MARKETING_VERSION = 1.0;
				PRODUCT_BUNDLE_IDENTIFIER = kwk.StockSensei;
				PRODUCT_NAME = "$(TARGET_NAME)";
				SWIFT_EMIT_LOC_STRINGS = YES;
				SWIFT_VERSION = 5.0;
				TARGETED_DEVICE_FAMILY = "1,2";
			};
			name = Release;
		};
/* End XCBuildConfiguration section */

/* Begin XCConfigurationList section */
		BD463E972A795FB9003B3DAF /* Build configuration list for PBXProject "StockSensei" */ = {
			isa = XCConfigurationList;
			buildConfigurations = (
				BD463EA82A795FBA003B3DAF /* Debug */,
				BD463EA92A795FBA003B3DAF /* Release */,
			);
			defaultConfigurationIsVisible = 0;
			defaultConfigurationName = Release;
		};
		BD463EAA2A795FBA003B3DAF /* Build configuration list for PBXNativeTarget "StockSensei" */ = {
			isa = XCConfigurationList;
			buildConfigurations = (
				BD463EAB2A795FBA003B3DAF /* Debug */,
				BD463EAC2A795FBA003B3DAF /* Release */,
			);
			defaultConfigurationIsVisible = 0;
			defaultConfigurationName = Release;
		};
/* End XCConfigurationList section */
	};
	rootObject = BD463E942A795FB9003B3DAF /* Project object */;
}
